
Microsoft Visual Studio Solution File, Format Version 12.00
# Visual Studio Version 16
VisualStudioVersion = 16.0.31729.503
MinimumVisualStudioVersion = 10.0.40219.1
Project("{FAE04EC0-301F-11D3-BF4B-00C04F79EFBC}") = "WpfApp5", "WpfApp5\WpfApp5.csproj", "{BB0E6C27-E8F6-46A1-B8E7-F1D7A5C41DB3}"
EndProject
Global
	GlobalSection(SolutionConfigurationPlatforms) = preSolution
		Debug|Any CPU = Debug|Any CPU
		Release|Any CPU = Release|Any CPU
	EndGlobalSection
	GlobalSection(ProjectConfigurationPlatforms) = postSolution
		{BB0E6C27-E8F6-46A1-B8E7-F1D7A5C41DB3}.Debug|Any CPU.ActiveCfg = Debug|Any CPU
		{BB0E6C27-E8F6-46A1-B8E7-F1D7A5C41DB3}.Debug|Any CPU.Build.0 = Debug|Any CPU
		{BB0E6C27-E8F6-46A1-B8E7-F1D7A5C41DB3}.Release|Any CPU.ActiveCfg = Release|Any CPU
		{BB0E6C27-E8F6-46A1-B8E7-F1D7A5C41DB3}.Release|Any CPU.Build.0 = Release|Any CPU
	EndGlobalSection
	GlobalSection(SolutionProperties) = preSolution
		HideSolutionNode = FALSE
	EndGlobalSection
	GlobalSection(ExtensibilityGlobals) = postSolution
		SolutionGuid = {14BDC73E-DC32-43E5-8C65-BC896B937758}
	EndGlobalSection
EndGlobal
